version = 1
revision = 1
requires-python = ">=3.10"

[[package]]
name = "bone-dot"
version = "0.1.0"
source = { virtual = "." }
dependencies = [
    { name = "fake-bpy-module" },
]

[package.metadata]
requires-dist = [{ name = "fake-bpy-module", specifier = ">=20250414" }]

[[package]]
name = "fake-bpy-module"
version = "20250414"
source = { registry = "https://pypi.org/simple" }
sdist = { url = "https://files.pythonhosted.org/packages/c6/5a/16b13f9210db057204b4c63f1ff284734a027d1a65b81af373559e82c7ea/fake_bpy_module-20250414.tar.gz", hash = "sha256:8a7ba62107e3e0144ccf50667cfb166f5b844a0b7bc49109a2f39e8502ced37c", size = 958425 }
wheels = [
    { url = "https://files.pythonhosted.org/packages/20/bc/c05984f18b465d0e8882a44237fde2cf05c3a7bfe3b9ec698bc25689fc0a/fake_bpy_module-20250414-py3-none-any.whl", hash = "sha256:b1260053b5f717453aacf7df0c598a304a6e0349a2584fd469a5d6386f7c80c1", size = 1083313 },
]
